
Microsoft Visual Studio Solution File, Format Version 12.00
# Visual Studio Version 17
VisualStudioVersion = 17.4.33103.184
MinimumVisualStudioVersion = 10.0.40219.1
Project("{9A19103F-16F7-4668-BE54-9A1E7A4F7556}") = "RoomFinishes", "RoomFinishes\RoomFinishes.csproj", "{EC09EFBE-488F-4397-B1BB-B486910D62C8}"
EndProject
Project("{9A19103F-16F7-4668-BE54-9A1E7A4F7556}") = "RoomFinishes.Test", "RoomFinishes.Test\RoomFinishes.Test.csproj", "{8EDF4429-251A-416D-BB68-93F227191BCF}"
EndProject
Global
	GlobalSection(SolutionConfigurationPlatforms) = preSolution
		2019|x64 = 2019|x64
		2020|x64 = 2020|x64
		2021|x64 = 2021|x64
		2022|x64 = 2022|x64
		2023|x64 = 2023|x64
		2024|x64 = 2024|x64
		2025|x64 = 2025|x64
		2026|x64 = 2026|x64
		Debug|x64 = Debug|x64
	EndGlobalSection
	GlobalSection(ProjectConfigurationPlatforms) = postSolution
		{EC09EFBE-488F-4397-B1BB-B486910D62C8}.2019|x64.ActiveCfg = 2019|x64
		{EC09EFBE-488F-4397-B1BB-B486910D62C8}.2019|x64.Build.0 = 2019|x64
		{EC09EFBE-488F-4397-B1BB-B486910D62C8}.2020|x64.ActiveCfg = 2020|x64
		{EC09EFBE-488F-4397-B1BB-B486910D62C8}.2020|x64.Build.0 = 2020|x64
		{EC09EFBE-488F-4397-B1BB-B486910D62C8}.2021|x64.ActiveCfg = 2021|x64
		{EC09EFBE-488F-4397-B1BB-B486910D62C8}.2021|x64.Build.0 = 2021|x64
		{EC09EFBE-488F-4397-B1BB-B486910D62C8}.2022|x64.ActiveCfg = 2022|x64
		{EC09EFBE-488F-4397-B1BB-B486910D62C8}.2022|x64.Build.0 = 2022|x64
		{EC09EFBE-488F-4397-B1BB-B486910D62C8}.2023|x64.ActiveCfg = 2023|x64
		{EC09EFBE-488F-4397-B1BB-B486910D62C8}.2023|x64.Build.0 = 2023|x64
		{EC09EFBE-488F-4397-B1BB-B486910D62C8}.2024|x64.ActiveCfg = 2024|x64
		{EC09EFBE-488F-4397-B1BB-B486910D62C8}.2024|x64.Build.0 = 2024|x64
		{EC09EFBE-488F-4397-B1BB-B486910D62C8}.2025|x64.ActiveCfg = 2025|x64
		{EC09EFBE-488F-4397-B1BB-B486910D62C8}.2025|x64.Build.0 = 2025|x64
		{EC09EFBE-488F-4397-B1BB-B486910D62C8}.2026|x64.ActiveCfg = 2026|x64
		{EC09EFBE-488F-4397-B1BB-B486910D62C8}.2026|x64.Build.0 = 2026|x64
		{EC09EFBE-488F-4397-B1BB-B486910D62C8}.Debug|x64.ActiveCfg = Debug|x64
		{EC09EFBE-488F-4397-B1BB-B486910D62C8}.Debug|x64.Build.0 = Debug|x64
		{8EDF4429-251A-416D-BB68-93F227191BCF}.2019|x64.ActiveCfg = 2019|x64
		{8EDF4429-251A-416D-BB68-93F227191BCF}.2019|x64.Build.0 = 2019|x64
		{8EDF4429-251A-416D-BB68-93F227191BCF}.2020|x64.ActiveCfg = 2020|x64
		{8EDF4429-251A-416D-BB68-93F227191BCF}.2020|x64.Build.0 = 2020|x64
		{8EDF4429-251A-416D-BB68-93F227191BCF}.2021|x64.ActiveCfg = 2021|x64
		{8EDF4429-251A-416D-BB68-93F227191BCF}.2021|x64.Build.0 = 2021|x64
		{8EDF4429-251A-416D-BB68-93F227191BCF}.2022|x64.ActiveCfg = 2022|x64
		{8EDF4429-251A-416D-BB68-93F227191BCF}.2022|x64.Build.0 = 2022|x64
		{8EDF4429-251A-416D-BB68-93F227191BCF}.2023|x64.ActiveCfg = 2023|x64
		{8EDF4429-251A-416D-BB68-93F227191BCF}.2023|x64.Build.0 = 2023|x64
		{8EDF4429-251A-416D-BB68-93F227191BCF}.2024|x64.ActiveCfg = 2024|x64
		{8EDF4429-251A-416D-BB68-93F227191BCF}.2024|x64.Build.0 = 2024|x64
		{8EDF4429-251A-416D-BB68-93F227191BCF}.2025|x64.ActiveCfg = 2025|x64
		{8EDF4429-251A-416D-BB68-93F227191BCF}.2025|x64.Build.0 = 2025|x64
		{8EDF4429-251A-416D-BB68-93F227191BCF}.2026|x64.ActiveCfg = 2026|x64
		{8EDF4429-251A-416D-BB68-93F227191BCF}.2026|x64.Build.0 = 2026|x64
		{8EDF4429-251A-416D-BB68-93F227191BCF}.Debug|x64.ActiveCfg = Debug|x64
		{8EDF4429-251A-416D-BB68-93F227191BCF}.Debug|x64.Build.0 = Debug|x64
	EndGlobalSection
	GlobalSection(SolutionProperties) = preSolution
		HideSolutionNode = FALSE
	EndGlobalSection
	GlobalSection(ExtensibilityGlobals) = postSolution
		SolutionGuid = {054F20CB-9FE6-4B03-A507-F524A60D8573}
	EndGlobalSection
EndGlobal
