
Microsoft Visual Studio Solution File, Format Version 12.00
# Visual Studio Version 17
VisualStudioVersion = 17.4.33103.184
MinimumVisualStudioVersion = 10.0.40219.1
Project("{FAE04EC0-301F-11D3-BF4B-00C04F79EFBC}") = "RoomFinishes", "RoomFinishes\RoomFinishes.csproj", "{EC09EFBE-488F-4397-B1BB-B486910D62C8}"
EndProject
Project("{9A19103F-16F7-4668-BE54-9A1E7A4F7556}") = "RoomFinishes.Test", "RoomFinishes.Test\RoomFinishes.Test.csproj", "{8EDF4429-251A-416D-BB68-93F227191BCF}"
EndProject
Global
	GlobalSection(SolutionConfigurationPlatforms) = preSolution
		2019Debug|Any CPU = 2019Debug|Any CPU
		2019Release|Any CPU = 2019Release|Any CPU
		2020Debug|Any CPU = 2020Debug|Any CPU
		2020Release|Any CPU = 2020Release|Any CPU
		2021Debug|Any CPU = 2021Debug|Any CPU
		2021Release|Any CPU = 2021Release|Any CPU
		2022Debug|Any CPU = 2022Debug|Any CPU
		2022Release|Any CPU = 2022Release|Any CPU
		2023Debug|Any CPU = 2023Debug|Any CPU
		2023Release|Any CPU = 2023Release|Any CPU
		2024Debug|Any CPU = 2024Debug|Any CPU
		2024Release|Any CPU = 2024Release|Any CPU
	EndGlobalSection
	GlobalSection(ProjectConfigurationPlatforms) = postSolution
		{EC09EFBE-488F-4397-B1BB-B486910D62C8}.2019Debug|Any CPU.ActiveCfg = 2019Debug|Any CPU
		{EC09EFBE-488F-4397-B1BB-B486910D62C8}.2019Debug|Any CPU.Build.0 = 2019Debug|Any CPU
		{EC09EFBE-488F-4397-B1BB-B486910D62C8}.2019Release|Any CPU.ActiveCfg = 2019Release|Any CPU
		{EC09EFBE-488F-4397-B1BB-B486910D62C8}.2019Release|Any CPU.Build.0 = 2019Release|Any CPU
		{EC09EFBE-488F-4397-B1BB-B486910D62C8}.2020Debug|Any CPU.ActiveCfg = 2020Debug|Any CPU
		{EC09EFBE-488F-4397-B1BB-B486910D62C8}.2020Debug|Any CPU.Build.0 = 2020Debug|Any CPU
		{EC09EFBE-488F-4397-B1BB-B486910D62C8}.2020Release|Any CPU.ActiveCfg = 2020Release|Any CPU
		{EC09EFBE-488F-4397-B1BB-B486910D62C8}.2020Release|Any CPU.Build.0 = 2020Release|Any CPU
		{EC09EFBE-488F-4397-B1BB-B486910D62C8}.2021Debug|Any CPU.ActiveCfg = 2021Debug|Any CPU
		{EC09EFBE-488F-4397-B1BB-B486910D62C8}.2021Debug|Any CPU.Build.0 = 2021Debug|Any CPU
		{EC09EFBE-488F-4397-B1BB-B486910D62C8}.2021Release|Any CPU.ActiveCfg = 2021Release|Any CPU
		{EC09EFBE-488F-4397-B1BB-B486910D62C8}.2021Release|Any CPU.Build.0 = 2021Release|Any CPU
		{EC09EFBE-488F-4397-B1BB-B486910D62C8}.2022Debug|Any CPU.ActiveCfg = 2022Debug|Any CPU
		{EC09EFBE-488F-4397-B1BB-B486910D62C8}.2022Debug|Any CPU.Build.0 = 2022Debug|Any CPU
		{EC09EFBE-488F-4397-B1BB-B486910D62C8}.2022Release|Any CPU.ActiveCfg = 2022Release|Any CPU
		{EC09EFBE-488F-4397-B1BB-B486910D62C8}.2022Release|Any CPU.Build.0 = 2022Release|Any CPU
		{EC09EFBE-488F-4397-B1BB-B486910D62C8}.2023Debug|Any CPU.ActiveCfg = 2023Debug|Any CPU
		{EC09EFBE-488F-4397-B1BB-B486910D62C8}.2023Debug|Any CPU.Build.0 = 2023Debug|Any CPU
		{EC09EFBE-488F-4397-B1BB-B486910D62C8}.2023Release|Any CPU.ActiveCfg = 2023Release|Any CPU
		{EC09EFBE-488F-4397-B1BB-B486910D62C8}.2023Release|Any CPU.Build.0 = 2023Release|Any CPU
		{EC09EFBE-488F-4397-B1BB-B486910D62C8}.2024Debug|Any CPU.ActiveCfg = 2024Debug|Any CPU
		{EC09EFBE-488F-4397-B1BB-B486910D62C8}.2024Debug|Any CPU.Build.0 = 2024Debug|Any CPU
		{EC09EFBE-488F-4397-B1BB-B486910D62C8}.2024Release|Any CPU.ActiveCfg = 2024Release|Any CPU
		{EC09EFBE-488F-4397-B1BB-B486910D62C8}.2024Release|Any CPU.Build.0 = 2024Release|Any CPU
		{8EDF4429-251A-416D-BB68-93F227191BCF}.2019Debug|Any CPU.ActiveCfg = 2019Debug|Any CPU
		{8EDF4429-251A-416D-BB68-93F227191BCF}.2019Debug|Any CPU.Build.0 = 2019Debug|Any CPU
		{8EDF4429-251A-416D-BB68-93F227191BCF}.2019Release|Any CPU.ActiveCfg = 2019Release|Any CPU
		{8EDF4429-251A-416D-BB68-93F227191BCF}.2019Release|Any CPU.Build.0 = 2019Release|Any CPU
		{8EDF4429-251A-416D-BB68-93F227191BCF}.2020Debug|Any CPU.ActiveCfg = 2020Debug|Any CPU
		{8EDF4429-251A-416D-BB68-93F227191BCF}.2020Debug|Any CPU.Build.0 = 2020Debug|Any CPU
		{8EDF4429-251A-416D-BB68-93F227191BCF}.2020Release|Any CPU.ActiveCfg = 2020Release|Any CPU
		{8EDF4429-251A-416D-BB68-93F227191BCF}.2020Release|Any CPU.Build.0 = 2020Release|Any CPU
		{8EDF4429-251A-416D-BB68-93F227191BCF}.2021Debug|Any CPU.ActiveCfg = 2021Debug|Any CPU
		{8EDF4429-251A-416D-BB68-93F227191BCF}.2021Debug|Any CPU.Build.0 = 2021Debug|Any CPU
		{8EDF4429-251A-416D-BB68-93F227191BCF}.2021Release|Any CPU.ActiveCfg = 2021Release|Any CPU
		{8EDF4429-251A-416D-BB68-93F227191BCF}.2021Release|Any CPU.Build.0 = 2021Release|Any CPU
		{8EDF4429-251A-416D-BB68-93F227191BCF}.2022Debug|Any CPU.ActiveCfg = 2022Debug|Any CPU
		{8EDF4429-251A-416D-BB68-93F227191BCF}.2022Debug|Any CPU.Build.0 = 2022Debug|Any CPU
		{8EDF4429-251A-416D-BB68-93F227191BCF}.2022Release|Any CPU.ActiveCfg = 2022Release|Any CPU
		{8EDF4429-251A-416D-BB68-93F227191BCF}.2022Release|Any CPU.Build.0 = 2022Release|Any CPU
		{8EDF4429-251A-416D-BB68-93F227191BCF}.2023Debug|Any CPU.ActiveCfg = 2023Debug|Any CPU
		{8EDF4429-251A-416D-BB68-93F227191BCF}.2023Debug|Any CPU.Build.0 = 2023Debug|Any CPU
		{8EDF4429-251A-416D-BB68-93F227191BCF}.2023Release|Any CPU.ActiveCfg = 2023Release|Any CPU
		{8EDF4429-251A-416D-BB68-93F227191BCF}.2023Release|Any CPU.Build.0 = 2023Release|Any CPU
		{8EDF4429-251A-416D-BB68-93F227191BCF}.2024Debug|Any CPU.ActiveCfg = 2024Debug|Any CPU
		{8EDF4429-251A-416D-BB68-93F227191BCF}.2024Debug|Any CPU.Build.0 = 2024Debug|Any CPU
		{8EDF4429-251A-416D-BB68-93F227191BCF}.2024Release|Any CPU.ActiveCfg = 2024Release|Any CPU
		{8EDF4429-251A-416D-BB68-93F227191BCF}.2024Release|Any CPU.Build.0 = 2024Release|Any CPU
	EndGlobalSection
	GlobalSection(SolutionProperties) = preSolution
		HideSolutionNode = FALSE
	EndGlobalSection
	GlobalSection(ExtensibilityGlobals) = postSolution
		SolutionGuid = {054F20CB-9FE6-4B03-A507-F524A60D8573}
	EndGlobalSection
EndGlobal
